// !$*UTF8*$!
{
	archiveVersion = 1;
	classes = {
	};
	objectVersion = 55;
	objects = {

/* Begin PBXBuildFile section */
		32017874BBA575FAA9B8372D /* Pods_Messenger.framework in Frameworks */ = {isa = PBXBuildFile; fileRef = 8CAFF3C8CEA78140053D8802 /* Pods_Messenger.framework */; };
		D62286E22774EC0000190979 /* StorageManager.swift in Sources */ = {isa = PBXBuildFile; fileRef = D62286E12774EC0000190979 /* StorageManager.swift */; };
		D62286E4277652E600190979 /* ConversationTableViewCell.swift in Sources */ = {isa = PBXBuildFile; fileRef = D62286E3277652E500190979 /* ConversationTableViewCell.swift */; };
		D62286E6277B944800190979 /* NewConversationCell.swift in Sources */ = {isa = PBXBuildFile; fileRef = D62286E5277B944700190979 /* NewConversationCell.swift */; };
		D66CF20327703E9000668198 /* AppDelegate.swift in Sources */ = {isa = PBXBuildFile; fileRef = D66CF20227703E9000668198 /* AppDelegate.swift */; };
		D66CF20527703E9000668198 /* SceneDelegate.swift in Sources */ = {isa = PBXBuildFile; fileRef = D66CF20427703E9000668198 /* SceneDelegate.swift */; };
		D66CF20727703E9000668198 /* ConversationsViewController.swift in Sources */ = {isa = PBXBuildFile; fileRef = D66CF20627703E9000668198 /* ConversationsViewController.swift */; };
		D66CF20A27703E9000668198 /* Main.storyboard in Resources */ = {isa = PBXBuildFile; fileRef = D66CF20827703E9000668198 /* Main.storyboard */; };
		D66CF20C27703E9400668198 /* Assets.xcassets in Resources */ = {isa = PBXBuildFile; fileRef = D66CF20B27703E9400668198 /* Assets.xcassets */; };
		D66CF20F27703E9400668198 /* LaunchScreen.storyboard in Resources */ = {isa = PBXBuildFile; fileRef = D66CF20D27703E9400668198 /* LaunchScreen.storyboard */; };
		D66CF21E2770487200668198 /* LoginViewController.swift in Sources */ = {isa = PBXBuildFile; fileRef = D66CF21D2770487200668198 /* LoginViewController.swift */; };
		D66CF2202770488B00668198 /* RegisterViewController.swift in Sources */ = {isa = PBXBuildFile; fileRef = D66CF21F2770488B00668198 /* RegisterViewController.swift */; };
		D66CF222277048D400668198 /* PhotoViewerViewController.swift in Sources */ = {isa = PBXBuildFile; fileRef = D66CF221277048D400668198 /* PhotoViewerViewController.swift */; };
		D66CF2262770491C00668198 /* NewConversationViewController.swift in Sources */ = {isa = PBXBuildFile; fileRef = D66CF2252770491C00668198 /* NewConversationViewController.swift */; };
		D66CF2282770494000668198 /* ProfileViewController.swift in Sources */ = {isa = PBXBuildFile; fileRef = D66CF2272770494000668198 /* ProfileViewController.swift */; };
		D66CF22B2770F9E400668198 /* Extensions.swift in Sources */ = {isa = PBXBuildFile; fileRef = D66CF22A2770F9E400668198 /* Extensions.swift */; };
		D66CF22D277175E000668198 /* GoogleService-Info.plist in Resources */ = {isa = PBXBuildFile; fileRef = D66CF22C277175E000668198 /* GoogleService-Info.plist */; };
		D66CF22F2771893200668198 /* DatabaseManager.swift in Sources */ = {isa = PBXBuildFile; fileRef = D66CF22E2771893100668198 /* DatabaseManager.swift */; };
		D66CF23127738C0100668198 /* ChatViewController.swift in Sources */ = {isa = PBXBuildFile; fileRef = D66CF23027738C0100668198 /* ChatViewController.swift */; };
		D69F3B5B277ECD0700879BF3 /* ConversationModels.swift in Sources */ = {isa = PBXBuildFile; fileRef = D69F3B5A277ECD0700879BF3 /* ConversationModels.swift */; };
		D69F3B5D277ECD5E00879BF3 /* ChatModels.swift in Sources */ = {isa = PBXBuildFile; fileRef = D69F3B5C277ECD5E00879BF3 /* ChatModels.swift */; };
		D69F3B5F277ECDDB00879BF3 /* SearchResult.swift in Sources */ = {isa = PBXBuildFile; fileRef = D69F3B5E277ECDDB00879BF3 /* SearchResult.swift */; };
		D69F3B61277ECE3600879BF3 /* ProfileViewModel.swift in Sources */ = {isa = PBXBuildFile; fileRef = D69F3B60277ECE3600879BF3 /* ProfileViewModel.swift */; };
		D69F3B63277EE7E000879BF3 /* ChatAppUser.swift in Sources */ = {isa = PBXBuildFile; fileRef = D69F3B62277EE7E000879BF3 /* ChatAppUser.swift */; };
/* End PBXBuildFile section */

/* Begin PBXFileReference section */
		038154D87DA069E8381DBEC0 /* Pods-Messenger.debug.xcconfig */ = {isa = PBXFileReference; includeInIndex = 1; lastKnownFileType = text.xcconfig; name = "Pods-Messenger.debug.xcconfig"; path = "Target Support Files/Pods-Messenger/Pods-Messenger.debug.xcconfig"; sourceTree = "<group>"; };
		8CAFF3C8CEA78140053D8802 /* Pods_Messenger.framework */ = {isa = PBXFileReference; explicitFileType = wrapper.framework; includeInIndex = 0; path = Pods_Messenger.framework; sourceTree = BUILT_PRODUCTS_DIR; };
		BF6028167C54EFE363311EAE /* Pods-Messenger.release.xcconfig */ = {isa = PBXFileReference; includeInIndex = 1; lastKnownFileType = text.xcconfig; name = "Pods-Messenger.release.xcconfig"; path = "Target Support Files/Pods-Messenger/Pods-Messenger.release.xcconfig"; sourceTree = "<group>"; };
		D62286E12774EC0000190979 /* StorageManager.swift */ = {isa = PBXFileReference; lastKnownFileType = sourcecode.swift; path = StorageManager.swift; sourceTree = "<group>"; };
		D62286E3277652E500190979 /* ConversationTableViewCell.swift */ = {isa = PBXFileReference; lastKnownFileType = sourcecode.swift; path = ConversationTableViewCell.swift; sourceTree = "<group>"; };
		D62286E5277B944700190979 /* NewConversationCell.swift */ = {isa = PBXFileReference; lastKnownFileType = sourcecode.swift; path = NewConversationCell.swift; sourceTree = "<group>"; };
		D66CF1FF27703E9000668198 /* Messenger.app */ = {isa = PBXFileReference; explicitFileType = wrapper.application; includeInIndex = 0; path = Messenger.app; sourceTree = BUILT_PRODUCTS_DIR; };
		D66CF20227703E9000668198 /* AppDelegate.swift */ = {isa = PBXFileReference; lastKnownFileType = sourcecode.swift; path = AppDelegate.swift; sourceTree = "<group>"; };
		D66CF20427703E9000668198 /* SceneDelegate.swift */ = {isa = PBXFileReference; lastKnownFileType = sourcecode.swift; path = SceneDelegate.swift; sourceTree = "<group>"; };
		D66CF20627703E9000668198 /* ConversationsViewController.swift */ = {isa = PBXFileReference; lastKnownFileType = sourcecode.swift; path = ConversationsViewController.swift; sourceTree = "<group>"; };
		D66CF20927703E9000668198 /* Base */ = {isa = PBXFileReference; lastKnownFileType = file.storyboard; name = Base; path = Base.lproj/Main.storyboard; sourceTree = "<group>"; };
		D66CF20B27703E9400668198 /* Assets.xcassets */ = {isa = PBXFileReference; lastKnownFileType = folder.assetcatalog; path = Assets.xcassets; sourceTree = "<group>"; };
		D66CF20E27703E9400668198 /* Base */ = {isa = PBXFileReference; lastKnownFileType = file.storyboard; name = Base; path = Base.lproj/LaunchScreen.storyboard; sourceTree = "<group>"; };
		D66CF21027703E9400668198 /* Info.plist */ = {isa = PBXFileReference; lastKnownFileType = text.plist.xml; path = Info.plist; sourceTree = "<group>"; };
		D66CF21D2770487200668198 /* LoginViewController.swift */ = {isa = PBXFileReference; lastKnownFileType = sourcecode.swift; path = LoginViewController.swift; sourceTree = "<group>"; };
		D66CF21F2770488B00668198 /* RegisterViewController.swift */ = {isa = PBXFileReference; lastKnownFileType = sourcecode.swift; path = RegisterViewController.swift; sourceTree = "<group>"; };
		D66CF221277048D400668198 /* PhotoViewerViewController.swift */ = {isa = PBXFileReference; lastKnownFileType = sourcecode.swift; path = PhotoViewerViewController.swift; sourceTree = "<group>"; };
		D66CF2252770491C00668198 /* NewConversationViewController.swift */ = {isa = PBXFileReference; lastKnownFileType = sourcecode.swift; path = NewConversationViewController.swift; sourceTree = "<group>"; };
		D66CF2272770494000668198 /* ProfileViewController.swift */ = {isa = PBXFileReference; lastKnownFileType = sourcecode.swift; path = ProfileViewController.swift; sourceTree = "<group>"; };
		D66CF22A2770F9E400668198 /* Extensions.swift */ = {isa = PBXFileReference; lastKnownFileType = sourcecode.swift; path = Extensions.swift; sourceTree = "<group>"; };
		D66CF22C277175E000668198 /* GoogleService-Info.plist */ = {isa = PBXFileReference; fileEncoding = 4; lastKnownFileType = text.plist.xml; name = "GoogleService-Info.plist"; path = "../../../Downloads/GoogleService-Info.plist"; sourceTree = "<group>"; };
		D66CF22E2771893100668198 /* DatabaseManager.swift */ = {isa = PBXFileReference; lastKnownFileType = sourcecode.swift; path = DatabaseManager.swift; sourceTree = "<group>"; };
		D66CF23027738C0100668198 /* ChatViewController.swift */ = {isa = PBXFileReference; lastKnownFileType = sourcecode.swift; path = ChatViewController.swift; sourceTree = "<group>"; };
		D69F3B5A277ECD0700879BF3 /* ConversationModels.swift */ = {isa = PBXFileReference; lastKnownFileType = sourcecode.swift; path = ConversationModels.swift; sourceTree = "<group>"; };
		D69F3B5C277ECD5E00879BF3 /* ChatModels.swift */ = {isa = PBXFileReference; lastKnownFileType = sourcecode.swift; path = ChatModels.swift; sourceTree = "<group>"; };
		D69F3B5E277ECDDB00879BF3 /* SearchResult.swift */ = {isa = PBXFileReference; lastKnownFileType = sourcecode.swift; path = SearchResult.swift; sourceTree = "<group>"; };
		D69F3B60277ECE3600879BF3 /* ProfileViewModel.swift */ = {isa = PBXFileReference; lastKnownFileType = sourcecode.swift; path = ProfileViewModel.swift; sourceTree = "<group>"; };
		D69F3B62277EE7E000879BF3 /* ChatAppUser.swift */ = {isa = PBXFileReference; lastKnownFileType = sourcecode.swift; path = ChatAppUser.swift; sourceTree = "<group>"; };
/* End PBXFileReference section */

/* Begin PBXFrameworksBuildPhase section */
		D66CF1FC27703E9000668198 /* Frameworks */ = {
			isa = PBXFrameworksBuildPhase;
			buildActionMask = 2147483647;
			files = (
				32017874BBA575FAA9B8372D /* Pods_Messenger.framework in Frameworks */,
			);
			runOnlyForDeploymentPostprocessing = 0;
		};
/* End PBXFrameworksBuildPhase section */

/* Begin PBXGroup section */
		04F61CEAB42CB829F034AC77 /* Frameworks */ = {
			isa = PBXGroup;
			children = (
				8CAFF3C8CEA78140053D8802 /* Pods_Messenger.framework */,
			);
			name = Frameworks;
			sourceTree = "<group>";
		};
		6129616A4D8CEECD976882F0 /* Pods */ = {
			isa = PBXGroup;
			children = (
				038154D87DA069E8381DBEC0 /* Pods-Messenger.debug.xcconfig */,
				BF6028167C54EFE363311EAE /* Pods-Messenger.release.xcconfig */,
			);
			path = Pods;
			sourceTree = "<group>";
		};
		D66CF1F627703E9000668198 = {
			isa = PBXGroup;
			children = (
				D66CF20127703E9000668198 /* Messenger */,
				D66CF20027703E9000668198 /* Products */,
				6129616A4D8CEECD976882F0 /* Pods */,
				04F61CEAB42CB829F034AC77 /* Frameworks */,
			);
			sourceTree = "<group>";
		};
		D66CF20027703E9000668198 /* Products */ = {
			isa = PBXGroup;
			children = (
				D66CF1FF27703E9000668198 /* Messenger.app */,
			);
			name = Products;
			sourceTree = "<group>";
		};
		D66CF20127703E9000668198 /* Messenger */ = {
			isa = PBXGroup;
			children = (
				D66CF22C277175E000668198 /* GoogleService-Info.plist */,
				D66CF21B27703EF200668198 /* Resources */,
				D66CF21827703EC600668198 /* Controllers */,
				D66CF21727703EBF00668198 /* Views */,
				D66CF21627703EB800668198 /* Models */,
				D66CF21027703E9400668198 /* Info.plist */,
			);
			path = Messenger;
			sourceTree = "<group>";
		};
		D66CF21627703EB800668198 /* Models */ = {
			isa = PBXGroup;
			children = (
				D69F3B5A277ECD0700879BF3 /* ConversationModels.swift */,
				D69F3B5C277ECD5E00879BF3 /* ChatModels.swift */,
				D69F3B5E277ECDDB00879BF3 /* SearchResult.swift */,
				D69F3B60277ECE3600879BF3 /* ProfileViewModel.swift */,
				D69F3B62277EE7E000879BF3 /* ChatAppUser.swift */,
			);
			path = Models;
			sourceTree = "<group>";
		};
		D66CF21727703EBF00668198 /* Views */ = {
			isa = PBXGroup;
			children = (
				D66CF21C27703F4000668198 /* Storyboards */,
				D66CF20B27703E9400668198 /* Assets.xcassets */,
				D62286E3277652E500190979 /* ConversationTableViewCell.swift */,
				D62286E5277B944700190979 /* NewConversationCell.swift */,
			);
			path = Views;
			sourceTree = "<group>";
		};
		D66CF21827703EC600668198 /* Controllers */ = {
			isa = PBXGroup;
			children = (
				D66CF20627703E9000668198 /* ConversationsViewController.swift */,
				D66CF21D2770487200668198 /* LoginViewController.swift */,
				D66CF21F2770488B00668198 /* RegisterViewController.swift */,
				D66CF221277048D400668198 /* PhotoViewerViewController.swift */,
				D66CF2252770491C00668198 /* NewConversationViewController.swift */,
				D66CF2272770494000668198 /* ProfileViewController.swift */,
				D66CF23027738C0100668198 /* ChatViewController.swift */,
			);
			path = Controllers;
			sourceTree = "<group>";
		};
		D66CF21B27703EF200668198 /* Resources */ = {
			isa = PBXGroup;
			children = (
				D66CF20227703E9000668198 /* AppDelegate.swift */,
				D66CF20427703E9000668198 /* SceneDelegate.swift */,
				D66CF22A2770F9E400668198 /* Extensions.swift */,
				D66CF22E2771893100668198 /* DatabaseManager.swift */,
				D62286E12774EC0000190979 /* StorageManager.swift */,
			);
			path = Resources;
			sourceTree = "<group>";
		};
		D66CF21C27703F4000668198 /* Storyboards */ = {
			isa = PBXGroup;
			children = (
				D66CF20827703E9000668198 /* Main.storyboard */,
				D66CF20D27703E9400668198 /* LaunchScreen.storyboard */,
			);
			path = Storyboards;
			sourceTree = "<group>";
		};
/* End PBXGroup section */

/* Begin PBXNativeTarget section */
		D66CF1FE27703E9000668198 /* Messenger */ = {
			isa = PBXNativeTarget;
			buildConfigurationList = D66CF21327703E9400668198 /* Build configuration list for PBXNativeTarget "Messenger" */;
			buildPhases = (
				57F9A46AF707916E6778EB56 /* [CP] Check Pods Manifest.lock */,
				D66CF1FB27703E9000668198 /* Sources */,
				D66CF1FC27703E9000668198 /* Frameworks */,
				D66CF1FD27703E9000668198 /* Resources */,
				BB637FFAB3D3EC5760E5B3B6 /* [CP] Embed Pods Frameworks */,
			);
			buildRules = (
			);
			dependencies = (
			);
			name = Messenger;
			productName = Messenger;
			productReference = D66CF1FF27703E9000668198 /* Messenger.app */;
			productType = "com.apple.product-type.application";
		};
/* End PBXNativeTarget section */

/* Begin PBXProject section */
		D66CF1F727703E9000668198 /* Project object */ = {
			isa = PBXProject;
			attributes = {
				BuildIndependentTargetsInParallel = 1;
				LastSwiftUpdateCheck = 1310;
				LastUpgradeCheck = 1310;
				TargetAttributes = {
					D66CF1FE27703E9000668198 = {
						CreatedOnToolsVersion = 13.1;
					};
				};
			};
			buildConfigurationList = D66CF1FA27703E9000668198 /* Build configuration list for PBXProject "Messenger" */;
			compatibilityVersion = "Xcode 13.0";
			developmentRegion = en;
			hasScannedForEncodings = 0;
			knownRegions = (
				en,
				Base,
			);
			mainGroup = D66CF1F627703E9000668198;
			productRefGroup = D66CF20027703E9000668198 /* Products */;
			projectDirPath = "";
			projectRoot = "";
			targets = (
				D66CF1FE27703E9000668198 /* Messenger */,
			);
		};
/* End PBXProject section */

/* Begin PBXResourcesBuildPhase section */
		D66CF1FD27703E9000668198 /* Resources */ = {
			isa = PBXResourcesBuildPhase;
			buildActionMask = 2147483647;
			files = (
				D66CF20F27703E9400668198 /* LaunchScreen.storyboard in Resources */,
				D66CF22D277175E000668198 /* GoogleService-Info.plist in Resources */,
				D66CF20C27703E9400668198 /* Assets.xcassets in Resources */,
				D66CF20A27703E9000668198 /* Main.storyboard in Resources */,
			);
			runOnlyForDeploymentPostprocessing = 0;
		};
/* End PBXResourcesBuildPhase section */

/* Begin PBXShellScriptBuildPhase section */
		57F9A46AF707916E6778EB56 /* [CP] Check Pods Manifest.lock */ = {
			isa = PBXShellScriptBuildPhase;
			buildActionMask = 2147483647;
			files = (
			);
			inputFileListPaths = (
			);
			inputPaths = (
				"${PODS_PODFILE_DIR_PATH}/Podfile.lock",
				"${PODS_ROOT}/Manifest.lock",
			);
			name = "[CP] Check Pods Manifest.lock";
			outputFileListPaths = (
			);
			outputPaths = (
				"$(DERIVED_FILE_DIR)/Pods-Messenger-checkManifestLockResult.txt",
			);
			runOnlyForDeploymentPostprocessing = 0;
			shellPath = /bin/sh;
			shellScript = "diff \"${PODS_PODFILE_DIR_PATH}/Podfile.lock\" \"${PODS_ROOT}/Manifest.lock\" > /dev/null\nif [ $? != 0 ] ; then\n    # print error to STDERR\n    echo \"error: The sandbox is not in sync with the Podfile.lock. Run 'pod install' or update your CocoaPods installation.\" >&2\n    exit 1\nfi\n# This output is used by Xcode 'outputs' to avoid re-running this script phase.\necho \"SUCCESS\" > \"${SCRIPT_OUTPUT_FILE_0}\"\n";
			showEnvVarsInLog = 0;
		};
		BB637FFAB3D3EC5760E5B3B6 /* [CP] Embed Pods Frameworks */ = {
			isa = PBXShellScriptBuildPhase;
			buildActionMask = 2147483647;
			files = (
			);
			inputFileListPaths = (
				"${PODS_ROOT}/Target Support Files/Pods-Messenger/Pods-Messenger-frameworks-${CONFIGURATION}-input-files.xcfilelist",
			);
			name = "[CP] Embed Pods Frameworks";
			outputFileListPaths = (
				"${PODS_ROOT}/Target Support Files/Pods-Messenger/Pods-Messenger-frameworks-${CONFIGURATION}-output-files.xcfilelist",
			);
			runOnlyForDeploymentPostprocessing = 0;
			shellPath = /bin/sh;
			shellScript = "\"${PODS_ROOT}/Target Support Files/Pods-Messenger/Pods-Messenger-frameworks.sh\"\n";
			showEnvVarsInLog = 0;
		};
/* End PBXShellScriptBuildPhase section */

/* Begin PBXSourcesBuildPhase section */
		D66CF1FB27703E9000668198 /* Sources */ = {
			isa = PBXSourcesBuildPhase;
			buildActionMask = 2147483647;
			files = (
				D69F3B63277EE7E000879BF3 /* ChatAppUser.swift in Sources */,
				D66CF21E2770487200668198 /* LoginViewController.swift in Sources */,
				D62286E6277B944800190979 /* NewConversationCell.swift in Sources */,
				D69F3B5B277ECD0700879BF3 /* ConversationModels.swift in Sources */,
				D66CF22F2771893200668198 /* DatabaseManager.swift in Sources */,
				D66CF2202770488B00668198 /* RegisterViewController.swift in Sources */,
				D66CF2262770491C00668198 /* NewConversationViewController.swift in Sources */,
				D66CF20727703E9000668198 /* ConversationsViewController.swift in Sources */,
				D66CF22B2770F9E400668198 /* Extensions.swift in Sources */,
				D66CF20327703E9000668198 /* AppDelegate.swift in Sources */,
				D69F3B5F277ECDDB00879BF3 /* SearchResult.swift in Sources */,
				D66CF2282770494000668198 /* ProfileViewController.swift in Sources */,
				D66CF20527703E9000668198 /* SceneDelegate.swift in Sources */,
				D69F3B61277ECE3600879BF3 /* ProfileViewModel.swift in Sources */,
				D62286E4277652E600190979 /* ConversationTableViewCell.swift in Sources */,
				D69F3B5D277ECD5E00879BF3 /* ChatModels.swift in Sources */,
				D66CF23127738C0100668198 /* ChatViewController.swift in Sources */,
				D66CF222277048D400668198 /* PhotoViewerViewController.swift in Sources */,
				D62286E22774EC0000190979 /* StorageManager.swift in Sources */,
			);
			runOnlyForDeploymentPostprocessing = 0;
		};
/* End PBXSourcesBuildPhase section */

/* Begin PBXVariantGroup section */
		D66CF20827703E9000668198 /* Main.storyboard */ = {
			isa = PBXVariantGroup;
			children = (
				D66CF20927703E9000668198 /* Base */,
			);
			name = Main.storyboard;
			sourceTree = "<group>";
		};
		D66CF20D27703E9400668198 /* LaunchScreen.storyboard */ = {
			isa = PBXVariantGroup;
			children = (
				D66CF20E27703E9400668198 /* Base */,
			);
			name = LaunchScreen.storyboard;
			sourceTree = "<group>";
		};
/* End PBXVariantGroup section */

/* Begin XCBuildConfiguration section */
		D66CF21127703E9400668198 /* Debug */ = {
			isa = XCBuildConfiguration;
			buildSettings = {
				ALWAYS_SEARCH_USER_PATHS = NO;
				CLANG_ANALYZER_NONNULL = YES;
				CLANG_ANALYZER_NUMBER_OBJECT_CONVERSION = YES_AGGRESSIVE;
				CLANG_CXX_LANGUAGE_STANDARD = "gnu++17";
				CLANG_CXX_LIBRARY = "libc++";
				CLANG_ENABLE_MODULES = YES;
				CLANG_ENABLE_OBJC_ARC = YES;
				CLANG_ENABLE_OBJC_WEAK = YES;
				CLANG_WARN_BLOCK_CAPTURE_AUTORELEASING = YES;
				CLANG_WARN_BOOL_CONVERSION = YES;
				CLANG_WARN_COMMA = YES;
				CLANG_WARN_CONSTANT_CONVERSION = YES;
				CLANG_WARN_DEPRECATED_OBJC_IMPLEMENTATIONS = YES;
				CLANG_WARN_DIRECT_OBJC_ISA_USAGE = YES_ERROR;
				CLANG_WARN_DOCUMENTATION_COMMENTS = YES;
				CLANG_WARN_EMPTY_BODY = YES;
				CLANG_WARN_ENUM_CONVERSION = YES;
				CLANG_WARN_INFINITE_RECURSION = YES;
				CLANG_WARN_INT_CONVERSION = YES;
				CLANG_WARN_NON_LITERAL_NULL_CONVERSION = YES;
				CLANG_WARN_OBJC_IMPLICIT_RETAIN_SELF = YES;
				CLANG_WARN_OBJC_LITERAL_CONVERSION = YES;
				CLANG_WARN_OBJC_ROOT_CLASS = YES_ERROR;
				CLANG_WARN_QUOTED_INCLUDE_IN_FRAMEWORK_HEADER = YES;
				CLANG_WARN_RANGE_LOOP_ANALYSIS = YES;
				CLANG_WARN_STRICT_PROTOTYPES = YES;
				CLANG_WARN_SUSPICIOUS_MOVE = YES;
				CLANG_WARN_UNGUARDED_AVAILABILITY = YES_AGGRESSIVE;
				CLANG_WARN_UNREACHABLE_CODE = YES;
				CLANG_WARN__DUPLICATE_METHOD_MATCH = YES;
				COPY_PHASE_STRIP = NO;
				DEBUG_INFORMATION_FORMAT = dwarf;
				ENABLE_STRICT_OBJC_MSGSEND = YES;
				ENABLE_TESTABILITY = YES;
				GCC_C_LANGUAGE_STANDARD = gnu11;
				GCC_DYNAMIC_NO_PIC = NO;
				GCC_NO_COMMON_BLOCKS = YES;
				GCC_OPTIMIZATION_LEVEL = 0;
				GCC_PREPROCESSOR_DEFINITIONS = (
					"DEBUG=1",
					"$(inherited)",
				);
				GCC_WARN_64_TO_32_BIT_CONVERSION = YES;
				GCC_WARN_ABOUT_RETURN_TYPE = YES_ERROR;
				GCC_WARN_UNDECLARED_SELECTOR = YES;
				GCC_WARN_UNINITIALIZED_AUTOS = YES_AGGRESSIVE;
				GCC_WARN_UNUSED_FUNCTION = YES;
				GCC_WARN_UNUSED_VARIABLE = YES;
				IPHONEOS_DEPLOYMENT_TARGET = 15.0;
				MTL_ENABLE_DEBUG_INFO = INCLUDE_SOURCE;
				MTL_FAST_MATH = YES;
				ONLY_ACTIVE_ARCH = YES;
				SDKROOT = iphoneos;
				SWIFT_ACTIVE_COMPILATION_CONDITIONS = DEBUG;
				SWIFT_OPTIMIZATION_LEVEL = "-Onone";
			};
			name = Debug;
		};
		D66CF21227703E9400668198 /* Release */ = {
			isa = XCBuildConfiguration;
			buildSettings = {
				ALWAYS_SEARCH_USER_PATHS = NO;
				CLANG_ANALYZER_NONNULL = YES;
				CLANG_ANALYZER_NUMBER_OBJECT_CONVERSION = YES_AGGRESSIVE;
				CLANG_CXX_LANGUAGE_STANDARD = "gnu++17";
				CLANG_CXX_LIBRARY = "libc++";
				CLANG_ENABLE_MODULES = YES;
				CLANG_ENABLE_OBJC_ARC = YES;
				CLANG_ENABLE_OBJC_WEAK = YES;
				CLANG_WARN_BLOCK_CAPTURE_AUTORELEASING = YES;
				CLANG_WARN_BOOL_CONVERSION = YES;
				CLANG_WARN_COMMA = YES;
				CLANG_WARN_CONSTANT_CONVERSION = YES;
				CLANG_WARN_DEPRECATED_OBJC_IMPLEMENTATIONS = YES;
				CLANG_WARN_DIRECT_OBJC_ISA_USAGE = YES_ERROR;
				CLANG_WARN_DOCUMENTATION_COMMENTS = YES;
				CLANG_WARN_EMPTY_BODY = YES;
				CLANG_WARN_ENUM_CONVERSION = YES;
				CLANG_WARN_INFINITE_RECURSION = YES;
				CLANG_WARN_INT_CONVERSION = YES;
				CLANG_WARN_NON_LITERAL_NULL_CONVERSION = YES;
				CLANG_WARN_OBJC_IMPLICIT_RETAIN_SELF = YES;
				CLANG_WARN_OBJC_LITERAL_CONVERSION = YES;
				CLANG_WARN_OBJC_ROOT_CLASS = YES_ERROR;
				CLANG_WARN_QUOTED_INCLUDE_IN_FRAMEWORK_HEADER = YES;
				CLANG_WARN_RANGE_LOOP_ANALYSIS = YES;
				CLANG_WARN_STRICT_PROTOTYPES = YES;
				CLANG_WARN_SUSPICIOUS_MOVE = YES;
				CLANG_WARN_UNGUARDED_AVAILABILITY = YES_AGGRESSIVE;
				CLANG_WARN_UNREACHABLE_CODE = YES;
				CLANG_WARN__DUPLICATE_METHOD_MATCH = YES;
				COPY_PHASE_STRIP = NO;
				DEBUG_INFORMATION_FORMAT = "dwarf-with-dsym";
				ENABLE_NS_ASSERTIONS = NO;
				ENABLE_STRICT_OBJC_MSGSEND = YES;
				GCC_C_LANGUAGE_STANDARD = gnu11;
				GCC_NO_COMMON_BLOCKS = YES;
				GCC_WARN_64_TO_32_BIT_CONVERSION = YES;
				GCC_WARN_ABOUT_RETURN_TYPE = YES_ERROR;
				GCC_WARN_UNDECLARED_SELECTOR = YES;
				GCC_WARN_UNINITIALIZED_AUTOS = YES_AGGRESSIVE;
				GCC_WARN_UNUSED_FUNCTION = YES;
				GCC_WARN_UNUSED_VARIABLE = YES;
				IPHONEOS_DEPLOYMENT_TARGET = 15.0;
				MTL_ENABLE_DEBUG_INFO = NO;
				MTL_FAST_MATH = YES;
				SDKROOT = iphoneos;
				SWIFT_COMPILATION_MODE = wholemodule;
				SWIFT_OPTIMIZATION_LEVEL = "-O";
				VALIDATE_PRODUCT = YES;
			};
			name = Release;
		};
		D66CF21427703E9400668198 /* Debug */ = {
			isa = XCBuildConfiguration;
			baseConfigurationReference = 038154D87DA069E8381DBEC0 /* Pods-Messenger.debug.xcconfig */;
			buildSettings = {
				ASSETCATALOG_COMPILER_APPICON_NAME = AppIcon;
				ASSETCATALOG_COMPILER_GLOBAL_ACCENT_COLOR_NAME = AccentColor;
				CODE_SIGN_STYLE = Automatic;
				CURRENT_PROJECT_VERSION = 1;
				DEVELOPMENT_TEAM = 6FPV73NHLV;
				GENERATE_INFOPLIST_FILE = YES;
				INFOPLIST_FILE = Messenger/Info.plist;
				INFOPLIST_KEY_NSCameraUsageDescription = "Please allow access to take a profile picture";
				INFOPLIST_KEY_NSPhotoLibraryUsageDescription = "Please allow access to select a photo for your profile";
				INFOPLIST_KEY_UIApplicationSupportsIndirectInputEvents = YES;
				INFOPLIST_KEY_UILaunchStoryboardName = LaunchScreen;
				INFOPLIST_KEY_UIMainStoryboardFile = Main;
				INFOPLIST_KEY_UISupportedInterfaceOrientations = UIInterfaceOrientationPortrait;
				INFOPLIST_KEY_UISupportedInterfaceOrientations_iPad = "UIInterfaceOrientationPortrait UIInterfaceOrientationPortraitUpsideDown UIInterfaceOrientationLandscapeLeft UIInterfaceOrientationLandscapeRight";
				INFOPLIST_KEY_UISupportedInterfaceOrientations_iPhone = "UIInterfaceOrientationPortrait UIInterfaceOrientationLandscapeLeft UIInterfaceOrientationLandscapeRight";
				LD_RUNPATH_SEARCH_PATHS = (
					"$(inherited)",
					"@executable_path/Frameworks",
				);
				MARKETING_VERSION = 1.0;
				PRODUCT_BUNDLE_IDENTIFIER = com.neelismail.Messenger;
				PRODUCT_NAME = "$(TARGET_NAME)";
				SWIFT_EMIT_LOC_STRINGS = YES;
				SWIFT_VERSION = 5.0;
				TARGETED_DEVICE_FAMILY = "1,2";
			};
			name = Debug;
		};
		D66CF21527703E9400668198 /* Release */ = {
			isa = XCBuildConfiguration;
			baseConfigurationReference = BF6028167C54EFE363311EAE /* Pods-Messenger.release.xcconfig */;
			buildSettings = {
				ASSETCATALOG_COMPILER_APPICON_NAME = AppIcon;
				ASSETCATALOG_COMPILER_GLOBAL_ACCENT_COLOR_NAME = AccentColor;
				CODE_SIGN_STYLE = Automatic;
				CURRENT_PROJECT_VERSION = 1;
				DEVELOPMENT_TEAM = 6FPV73NHLV;
				GENERATE_INFOPLIST_FILE = YES;
				INFOPLIST_FILE = Messenger/Info.plist;
				INFOPLIST_KEY_NSCameraUsageDescription = "Please allow access to take a profile picture";
				INFOPLIST_KEY_NSPhotoLibraryUsageDescription = "Please allow access to select a photo for your profile";
				INFOPLIST_KEY_UIApplicationSupportsIndirectInputEvents = YES;
				INFOPLIST_KEY_UILaunchStoryboardName = LaunchScreen;
				INFOPLIST_KEY_UIMainStoryboardFile = Main;
				INFOPLIST_KEY_UISupportedInterfaceOrientations = UIInterfaceOrientationPortrait;
				INFOPLIST_KEY_UISupportedInterfaceOrientations_iPad = "UIInterfaceOrientationPortrait UIInterfaceOrientationPortraitUpsideDown UIInterfaceOrientationLandscapeLeft UIInterfaceOrientationLandscapeRight";
				INFOPLIST_KEY_UISupportedInterfaceOrientations_iPhone = "UIInterfaceOrientationPortrait UIInterfaceOrientationLandscapeLeft UIInterfaceOrientationLandscapeRight";
				LD_RUNPATH_SEARCH_PATHS = (
					"$(inherited)",
					"@executable_path/Frameworks",
				);
				MARKETING_VERSION = 1.0;
				PRODUCT_BUNDLE_IDENTIFIER = com.neelismail.Messenger;
				PRODUCT_NAME = "$(TARGET_NAME)";
				SWIFT_EMIT_LOC_STRINGS = YES;
				SWIFT_VERSION = 5.0;
				TARGETED_DEVICE_FAMILY = "1,2";
			};
			name = Release;
		};
/* End XCBuildConfiguration section */

/* Begin XCConfigurationList section */
		D66CF1FA27703E9000668198 /* Build configuration list for PBXProject "Messenger" */ = {
			isa = XCConfigurationList;
			buildConfigurations = (
				D66CF21127703E9400668198 /* Debug */,
				D66CF21227703E9400668198 /* Release */,
			);
			defaultConfigurationIsVisible = 0;
			defaultConfigurationName = Release;
		};
		D66CF21327703E9400668198 /* Build configuration list for PBXNativeTarget "Messenger" */ = {
			isa = XCConfigurationList;
			buildConfigurations = (
				D66CF21427703E9400668198 /* Debug */,
				D66CF21527703E9400668198 /* Release */,
			);
			defaultConfigurationIsVisible = 0;
			defaultConfigurationName = Release;
		};
/* End XCConfigurationList section */
	};
	rootObject = D66CF1F727703E9000668198 /* Project object */;
}
